// !$*UTF8*$!
{
	archiveVersion = 1;
	classes = {
	};
	objectVersion = 46;
	objects = {

/* Begin PBXBuildFile section */
		CFA7C3671DABD949005F60F9 /* main.swift in Sources */ = {isa = PBXBuildFile; fileRef = CFA7C3661DABD949005F60F9 /* main.swift */; };
		CFA7C3721DABE5AA005F60F9 /* Io.swift in Sources */ = {isa = PBXBuildFile; fileRef = CFA7C3711DABE5AA005F60F9 /* Io.swift */; };
		CFA7C3741DABE616005F60F9 /* Interactive.swift in Sources */ = {isa = PBXBuildFile; fileRef = CFA7C3731DABE616005F60F9 /* Interactive.swift */; };
/* End PBXBuildFile section */

/* Begin PBXCopyFilesBuildPhase section */
		CFA7C3611DABD949005F60F9 /* CopyFiles */ = {
			isa = PBXCopyFilesBuildPhase;
			buildActionMask = 2147483647;
			dstPath = /usr/share/man/man1/;
			dstSubfolderSpec = 0;
			files = (
			);
			runOnlyForDeploymentPostprocessing = 1;
		};
/* End PBXCopyFilesBuildPhase section */

/* Begin PBXFileReference section */
		CFA7C3631DABD949005F60F9 /* CommandLineBaseDSB */ = {isa = PBXFileReference; explicitFileType = "compiled.mach-o.executable"; includeInIndex = 0; path = CommandLineBaseDSB; sourceTree = BUILT_PRODUCTS_DIR; };
		CFA7C3661DABD949005F60F9 /* main.swift */ = {isa = PBXFileReference; lastKnownFileType = sourcecode.swift; path = main.swift; sourceTree = "<group>"; };
		CFA7C3711DABE5AA005F60F9 /* Io.swift */ = {isa = PBXFileReference; fileEncoding = 4; lastKnownFileType = sourcecode.swift; path = Io.swift; sourceTree = "<group>"; };
		CFA7C3731DABE616005F60F9 /* Interactive.swift */ = {isa = PBXFileReference; fileEncoding = 4; lastKnownFileType = sourcecode.swift; path = Interactive.swift; sourceTree = "<group>"; };
/* End PBXFileReference section */

/* Begin PBXFrameworksBuildPhase section */
		CFA7C3601DABD949005F60F9 /* Frameworks */ = {
			isa = PBXFrameworksBuildPhase;
			buildActionMask = 2147483647;
			files = (
			);
			runOnlyForDeploymentPostprocessing = 0;
		};
/* End PBXFrameworksBuildPhase section */

/* Begin PBXGroup section */
		CFA7C35A1DABD949005F60F9 = {
			isa = PBXGroup;
			children = (
				CFA7C3651DABD949005F60F9 /* CommandLineBaseDSB */,
				CFA7C3641DABD949005F60F9 /* Products */,
			);
			sourceTree = "<group>";
		};
		CFA7C3641DABD949005F60F9 /* Products */ = {
			isa = PBXGroup;
			children = (
				CFA7C3631DABD949005F60F9 /* CommandLineBaseDSB */,
			);
			name = Products;
			sourceTree = "<group>";
		};
		CFA7C3651DABD949005F60F9 /* CommandLineBaseDSB */ = {
			isa = PBXGroup;
			children = (
				CFA7C3661DABD949005F60F9 /* main.swift */,
				CFA7C3711DABE5AA005F60F9 /* Io.swift */,
				CFA7C3731DABE616005F60F9 /* Interactive.swift */,
			);
			path = CommandLineBaseDSB;
			sourceTree = "<group>";
		};
/* End PBXGroup section */

/* Begin PBXNativeTarget section */
		CFA7C3621DABD949005F60F9 /* CommandLineBaseDSB */ = {
			isa = PBXNativeTarget;
			buildConfigurationList = CFA7C36A1DABD949005F60F9 /* Build configuration list for PBXNativeTarget "CommandLineBaseDSB" */;
			buildPhases = (
				CFA7C35F1DABD949005F60F9 /* Sources */,
				CFA7C3601DABD949005F60F9 /* Frameworks */,
				CFA7C3611DABD949005F60F9 /* CopyFiles */,
			);
			buildRules = (
			);
			dependencies = (
			);
			name = CommandLineBaseDSB;
			productName = CommandLineBaseDSB;
			productReference = CFA7C3631DABD949005F60F9 /* CommandLineBaseDSB */;
			productType = "com.apple.product-type.tool";
		};
/* End PBXNativeTarget section */

/* Begin PBXProject section */
		CFA7C35B1DABD949005F60F9 /* Project object */ = {
			isa = PBXProject;
			attributes = {
				LastSwiftUpdateCheck = 0800;
				LastUpgradeCheck = 0800;
				ORGANIZATIONNAME = Interapt;
				TargetAttributes = {
					CFA7C3621DABD949005F60F9 = {
						CreatedOnToolsVersion = 8.0;
						DevelopmentTeam = Y8CEY24W2U;
						ProvisioningStyle = Automatic;
					};
				};
			};
			buildConfigurationList = CFA7C35E1DABD949005F60F9 /* Build configuration list for PBXProject "CommandLineBaseDSB" */;
			compatibilityVersion = "Xcode 3.2";
			developmentRegion = English;
			hasScannedForEncodings = 0;
			knownRegions = (
				en,
			);
			mainGroup = CFA7C35A1DABD949005F60F9;
			productRefGroup = CFA7C3641DABD949005F60F9 /* Products */;
			projectDirPath = "";
			projectRoot = "";
			targets = (
				CFA7C3621DABD949005F60F9 /* CommandLineBaseDSB */,
			);
		};
/* End PBXProject section */

/* Begin PBXSourcesBuildPhase section */
		CFA7C35F1DABD949005F60F9 /* Sources */ = {
			isa = PBXSourcesBuildPhase;
			buildActionMask = 2147483647;
			files = (
				CFA7C3741DABE616005F60F9 /* Interactive.swift in Sources */,
				CFA7C3671DABD949005F60F9 /* main.swift in Sources */,
				CFA7C3721DABE5AA005F60F9 /* Io.swift in Sources */,
			);
			runOnlyForDeploymentPostprocessing = 0;
		};
/* End PBXSourcesBuildPhase section */

/* Begin XCBuildConfiguration section */
		CFA7C3681DABD949005F60F9 /* Debug */ = {
			isa = XCBuildConfiguration;
			buildSettings = {
				ALWAYS_SEARCH_USER_PATHS = NO;
				CLANG_ANALYZER_NONNULL = YES;
				CLANG_CXX_LANGUAGE_STANDARD = "gnu++0x";
				CLANG_CXX_LIBRARY = "libc++";
				CLANG_ENABLE_MODULES = YES;
				CLANG_ENABLE_OBJC_ARC = YES;
				CLANG_WARN_BOOL_CONVERSION = YES;
				CLANG_WARN_CONSTANT_CONVERSION = YES;
				CLANG_WARN_DIRECT_OBJC_ISA_USAGE = YES_ERROR;
				CLANG_WARN_DOCUMENTATION_COMMENTS = YES;
				CLANG_WARN_EMPTY_BODY = YES;
				CLANG_WARN_ENUM_CONVERSION = YES;
				CLANG_WARN_INFINITE_RECURSION = YES;
				CLANG_WARN_INT_CONVERSION = YES;
				CLANG_WARN_OBJC_ROOT_CLASS = YES_ERROR;
				CLANG_WARN_SUSPICIOUS_MOVES = YES;
				CLANG_WARN_UNREACHABLE_CODE = YES;
				CLANG_WARN__DUPLICATE_METHOD_MATCH = YES;
				CODE_SIGN_IDENTITY = "-";
				COPY_PHASE_STRIP = NO;
				DEBUG_INFORMATION_FORMAT = dwarf;
				ENABLE_STRICT_OBJC_MSGSEND = YES;
				ENABLE_TESTABILITY = YES;
				GCC_C_LANGUAGE_STANDARD = gnu99;
				GCC_DYNAMIC_NO_PIC = NO;
				GCC_NO_COMMON_BLOCKS = YES;
				GCC_OPTIMIZATION_LEVEL = 0;
				GCC_PREPROCESSOR_DEFINITIONS = (
					"DEBUG=1",
					"$(inherited)",
				);
				GCC_WARN_64_TO_32_BIT_CONVERSION = YES;
				GCC_WARN_ABOUT_RETURN_TYPE = YES_ERROR;
				GCC_WARN_UNDECLARED_SELECTOR = YES;
				GCC_WARN_UNINITIALIZED_AUTOS = YES_AGGRESSIVE;
				GCC_WARN_UNUSED_FUNCTION = YES;
				GCC_WARN_UNUSED_VARIABLE = YES;
				MACOSX_DEPLOYMENT_TARGET = 10.11;
				MTL_ENABLE_DEBUG_INFO = YES;
				ONLY_ACTIVE_ARCH = YES;
				SDKROOT = macosx;
				SWIFT_OPTIMIZATION_LEVEL = "-Onone";
			};
			name = Debug;
		};
		CFA7C3691DABD949005F60F9 /* Release */ = {
			isa = XCBuildConfiguration;
			buildSettings = {
				ALWAYS_SEARCH_USER_PATHS = NO;
				CLANG_ANALYZER_NONNULL = YES;
				CLANG_CXX_LANGUAGE_STANDARD = "gnu++0x";
				CLANG_CXX_LIBRARY = "libc++";
				CLANG_ENABLE_MODULES = YES;
				CLANG_ENABLE_OBJC_ARC = YES;
				CLANG_WARN_BOOL_CONVERSION = YES;
				CLANG_WARN_CONSTANT_CONVERSION = YES;
				CLANG_WARN_DIRECT_OBJC_ISA_USAGE = YES_ERROR;
				CLANG_WARN_DOCUMENTATION_COMMENTS = YES;
				CLANG_WARN_EMPTY_BODY = YES;
				CLANG_WARN_ENUM_CONVERSION = YES;
				CLANG_WARN_INFINITE_RECURSION = YES;
				CLANG_WARN_INT_CONVERSION = YES;
				CLANG_WARN_OBJC_ROOT_CLASS = YES_ERROR;
				CLANG_WARN_SUSPICIOUS_MOVES = YES;
				CLANG_WARN_UNREACHABLE_CODE = YES;
				CLANG_WARN__DUPLICATE_METHOD_MATCH = YES;
				CODE_SIGN_IDENTITY = "-";
				COPY_PHASE_STRIP = NO;
				DEBUG_INFORMATION_FORMAT = "dwarf-with-dsym";
				ENABLE_NS_ASSERTIONS = NO;
				ENABLE_STRICT_OBJC_MSGSEND = YES;
				GCC_C_LANGUAGE_STANDARD = gnu99;
				GCC_NO_COMMON_BLOCKS = YES;
				GCC_WARN_64_TO_32_BIT_CONVERSION = YES;
				GCC_WARN_ABOUT_RETURN_TYPE = YES_ERROR;
				GCC_WARN_UNDECLARED_SELECTOR = YES;
				GCC_WARN_UNINITIALIZED_AUTOS = YES_AGGRESSIVE;
				GCC_WARN_UNUSED_FUNCTION = YES;
				GCC_WARN_UNUSED_VARIABLE = YES;
				MACOSX_DEPLOYMENT_TARGET = 10.11;
				MTL_ENABLE_DEBUG_INFO = NO;
				SDKROOT = macosx;
			};
			name = Release;
		};
		CFA7C36B1DABD949005F60F9 /* Debug */ = {
			isa = XCBuildConfiguration;
			buildSettings = {
				DEVELOPMENT_TEAM = Y8CEY24W2U;
				PRODUCT_NAME = "$(TARGET_NAME)";
				SWIFT_VERSION = 3.0;
			};
			name = Debug;
		};
		CFA7C36C1DABD949005F60F9 /* Release */ = {
			isa = XCBuildConfiguration;
			buildSettings = {
				DEVELOPMENT_TEAM = Y8CEY24W2U;
				PRODUCT_NAME = "$(TARGET_NAME)";
				SWIFT_VERSION = 3.0;
			};
			name = Release;
		};
/* End XCBuildConfiguration section */

/* Begin XCConfigurationList section */
		CFA7C35E1DABD949005F60F9 /* Build configuration list for PBXProject "CommandLineBaseDSB" */ = {
			isa = XCConfigurationList;
			buildConfigurations = (
				CFA7C3681DABD949005F60F9 /* Debug */,
				CFA7C3691DABD949005F60F9 /* Release */,
			);
			defaultConfigurationIsVisible = 0;
			defaultConfigurationName = Release;
		};
		CFA7C36A1DABD949005F60F9 /* Build configuration list for PBXNativeTarget "CommandLineBaseDSB" */ = {
			isa = XCConfigurationList;
			buildConfigurations = (
				CFA7C36B1DABD949005F60F9 /* Debug */,
				CFA7C36C1DABD949005F60F9 /* Release */,
			);
			defaultConfigurationIsVisible = 0;
		};
/* End XCConfigurationList section */
	};
	rootObject = CFA7C35B1DABD949005F60F9 /* Project object */;
}
